// !$*UTF8*$!
{
	archiveVersion = 1;
	classes = {
	};
	objectVersion = 51;
	objects = {

/* Begin PBXBuildFile section */
		49A2B31A3570977C50D765E4 /* Pods_QuestPrototype1.framework in Frameworks */ = {isa = PBXBuildFile; fileRef = C7B987225D77759742284751 /* Pods_QuestPrototype1.framework */; };
		795C0F92240625D100D26801 /* AddCollegeViewController.swift in Sources */ = {isa = PBXBuildFile; fileRef = 795C0F90240625D100D26801 /* AddCollegeViewController.swift */; };
		795C0F93240625D100D26801 /* CollegeTableViewController.swift in Sources */ = {isa = PBXBuildFile; fileRef = 795C0F91240625D100D26801 /* CollegeTableViewController.swift */; };
		795C0F982406267D00D26801 /* CoreDataStack.swift in Sources */ = {isa = PBXBuildFile; fileRef = 795C0F952406267C00D26801 /* CoreDataStack.swift */; };
		795C0F992406267D00D26801 /* College.xcdatamodeld in Sources */ = {isa = PBXBuildFile; fileRef = 795C0F962406267C00D26801 /* College.xcdatamodeld */; };
		79D83DF32404EA4100CEAC87 /* AppDelegate.swift in Sources */ = {isa = PBXBuildFile; fileRef = 79D83DF22404EA4100CEAC87 /* AppDelegate.swift */; };
		79D83DF52404EA4100CEAC87 /* SceneDelegate.swift in Sources */ = {isa = PBXBuildFile; fileRef = 79D83DF42404EA4100CEAC87 /* SceneDelegate.swift */; };
		79D83DF72404EA4100CEAC87 /* ViewController.swift in Sources */ = {isa = PBXBuildFile; fileRef = 79D83DF62404EA4100CEAC87 /* ViewController.swift */; };
		79D83DFA2404EA4100CEAC87 /* Main.storyboard in Resources */ = {isa = PBXBuildFile; fileRef = 79D83DF82404EA4100CEAC87 /* Main.storyboard */; };
		79D83DFC2404EA4300CEAC87 /* Assets.xcassets in Resources */ = {isa = PBXBuildFile; fileRef = 79D83DFB2404EA4300CEAC87 /* Assets.xcassets */; };
		79D83DFF2404EA4300CEAC87 /* LaunchScreen.storyboard in Resources */ = {isa = PBXBuildFile; fileRef = 79D83DFD2404EA4300CEAC87 /* LaunchScreen.storyboard */; };
		79D83E082404EA6500CEAC87 /* StartupViewController.swift in Sources */ = {isa = PBXBuildFile; fileRef = 79D83E072404EA6500CEAC87 /* StartupViewController.swift */; };
		79D83E0A2404EA6C00CEAC87 /* LoginViewController.swift in Sources */ = {isa = PBXBuildFile; fileRef = 79D83E092404EA6C00CEAC87 /* LoginViewController.swift */; };
		79D83E0C2404EA7200CEAC87 /* SignupViewController.swift in Sources */ = {isa = PBXBuildFile; fileRef = 79D83E0B2404EA7200CEAC87 /* SignupViewController.swift */; };
		79D83E122404EF2900CEAC87 /* Constants.swift in Sources */ = {isa = PBXBuildFile; fileRef = 79D83E102404EF2900CEAC87 /* Constants.swift */; };
		79D83E132404EF2900CEAC87 /* Utilities.swift in Sources */ = {isa = PBXBuildFile; fileRef = 79D83E112404EF2900CEAC87 /* Utilities.swift */; };
		79D83E172404F34B00CEAC87 /* GoogleService-Info.plist in Resources */ = {isa = PBXBuildFile; fileRef = 79D83E162404F34B00CEAC87 /* GoogleService-Info.plist */; };
		79DE709C24061B3200519265 /* navigationController.swift in Sources */ = {isa = PBXBuildFile; fileRef = 79DE709B24061B3200519265 /* navigationController.swift */; };
/* End PBXBuildFile section */

/* Begin PBXFileReference section */
		17F636CAD4A7C16947D68754 /* Pods-QuestPrototype1.release.xcconfig */ = {isa = PBXFileReference; includeInIndex = 1; lastKnownFileType = text.xcconfig; name = "Pods-QuestPrototype1.release.xcconfig"; path = "Target Support Files/Pods-QuestPrototype1/Pods-QuestPrototype1.release.xcconfig"; sourceTree = "<group>"; };
		795C0F90240625D100D26801 /* AddCollegeViewController.swift */ = {isa = PBXFileReference; lastKnownFileType = sourcecode.swift; name = AddCollegeViewController.swift; path = /Users/sopyin/Desktop/Closet/questRepo/QuestPrototype1/QuestPrototype1/VCs/AddCollegeViewController.swift; sourceTree = "<absolute>"; };
		795C0F91240625D100D26801 /* CollegeTableViewController.swift */ = {isa = PBXFileReference; lastKnownFileType = sourcecode.swift; name = CollegeTableViewController.swift; path = ../TodoAppPrototype/TodoAppPrototype/VC/CollegeTableViewController.swift; sourceTree = SOURCE_ROOT; };
		795C0F952406267C00D26801 /* CoreDataStack.swift */ = {isa = PBXFileReference; fileEncoding = 4; lastKnownFileType = sourcecode.swift; path = CoreDataStack.swift; sourceTree = "<group>"; };
		795C0F972406267C00D26801 /* Colleges.xcdatamodel */ = {isa = PBXFileReference; lastKnownFileType = wrapper.xcdatamodel; path = Colleges.xcdatamodel; sourceTree = "<group>"; };
		79D83DEF2404EA4100CEAC87 /* QuestPrototype1.app */ = {isa = PBXFileReference; explicitFileType = wrapper.application; includeInIndex = 0; path = QuestPrototype1.app; sourceTree = BUILT_PRODUCTS_DIR; };
		79D83DF22404EA4100CEAC87 /* AppDelegate.swift */ = {isa = PBXFileReference; lastKnownFileType = sourcecode.swift; path = AppDelegate.swift; sourceTree = "<group>"; };
		79D83DF42404EA4100CEAC87 /* SceneDelegate.swift */ = {isa = PBXFileReference; lastKnownFileType = sourcecode.swift; path = SceneDelegate.swift; sourceTree = "<group>"; };
		79D83DF62404EA4100CEAC87 /* ViewController.swift */ = {isa = PBXFileReference; lastKnownFileType = sourcecode.swift; path = ViewController.swift; sourceTree = "<group>"; };
		79D83DF92404EA4100CEAC87 /* Base */ = {isa = PBXFileReference; lastKnownFileType = file.storyboard; name = Base; path = Base.lproj/Main.storyboard; sourceTree = "<group>"; };
		79D83DFB2404EA4300CEAC87 /* Assets.xcassets */ = {isa = PBXFileReference; lastKnownFileType = folder.assetcatalog; path = Assets.xcassets; sourceTree = "<group>"; };
		79D83DFE2404EA4300CEAC87 /* Base */ = {isa = PBXFileReference; lastKnownFileType = file.storyboard; name = Base; path = Base.lproj/LaunchScreen.storyboard; sourceTree = "<group>"; };
		79D83E002404EA4300CEAC87 /* Info.plist */ = {isa = PBXFileReference; lastKnownFileType = text.plist.xml; path = Info.plist; sourceTree = "<group>"; };
		79D83E072404EA6500CEAC87 /* StartupViewController.swift */ = {isa = PBXFileReference; lastKnownFileType = sourcecode.swift; path = StartupViewController.swift; sourceTree = "<group>"; };
		79D83E092404EA6C00CEAC87 /* LoginViewController.swift */ = {isa = PBXFileReference; lastKnownFileType = sourcecode.swift; path = LoginViewController.swift; sourceTree = "<group>"; };
		79D83E0B2404EA7200CEAC87 /* SignupViewController.swift */ = {isa = PBXFileReference; lastKnownFileType = sourcecode.swift; path = SignupViewController.swift; sourceTree = "<group>"; };
		79D83E102404EF2900CEAC87 /* Constants.swift */ = {isa = PBXFileReference; fileEncoding = 4; lastKnownFileType = sourcecode.swift; path = Constants.swift; sourceTree = "<group>"; };
		79D83E112404EF2900CEAC87 /* Utilities.swift */ = {isa = PBXFileReference; fileEncoding = 4; lastKnownFileType = sourcecode.swift; path = Utilities.swift; sourceTree = "<group>"; };
		79D83E162404F34B00CEAC87 /* GoogleService-Info.plist */ = {isa = PBXFileReference; fileEncoding = 4; lastKnownFileType = text.plist.xml; path = "GoogleService-Info.plist"; sourceTree = "<group>"; };
		79DE709B24061B3200519265 /* navigationController.swift */ = {isa = PBXFileReference; lastKnownFileType = sourcecode.swift; path = navigationController.swift; sourceTree = "<group>"; };
		96C36E7FB557436156EDE001 /* Pods-QuestPrototype1.debug.xcconfig */ = {isa = PBXFileReference; includeInIndex = 1; lastKnownFileType = text.xcconfig; name = "Pods-QuestPrototype1.debug.xcconfig"; path = "Target Support Files/Pods-QuestPrototype1/Pods-QuestPrototype1.debug.xcconfig"; sourceTree = "<group>"; };
		C7B987225D77759742284751 /* Pods_QuestPrototype1.framework */ = {isa = PBXFileReference; explicitFileType = wrapper.framework; includeInIndex = 0; path = Pods_QuestPrototype1.framework; sourceTree = BUILT_PRODUCTS_DIR; };
/* End PBXFileReference section */

/* Begin PBXFrameworksBuildPhase section */
		79D83DEC2404EA4100CEAC87 /* Frameworks */ = {
			isa = PBXFrameworksBuildPhase;
			buildActionMask = 2147483647;
			files = (
				49A2B31A3570977C50D765E4 /* Pods_QuestPrototype1.framework in Frameworks */,
			);
			runOnlyForDeploymentPostprocessing = 0;
		};
/* End PBXFrameworksBuildPhase section */

/* Begin PBXGroup section */
		795C0F942406267C00D26801 /* Core Data */ = {
			isa = PBXGroup;
			children = (
				795C0F952406267C00D26801 /* CoreDataStack.swift */,
				795C0F962406267C00D26801 /* College.xcdatamodeld */,
			);
			name = "Core Data";
			path = "../../TodoAppPrototype/TodoAppPrototype/Core Data";
			sourceTree = "<group>";
		};
		79D83DE62404EA4100CEAC87 = {
			isa = PBXGroup;
			children = (
				79D83DF12404EA4100CEAC87 /* QuestPrototype1 */,
				79D83DF02404EA4100CEAC87 /* Products */,
				C8179C67403CF40E9165985C /* Pods */,
				7D289F6F610469D4FA37701E /* Frameworks */,
			);
			sourceTree = "<group>";
		};
		79D83DF02404EA4100CEAC87 /* Products */ = {
			isa = PBXGroup;
			children = (
				79D83DEF2404EA4100CEAC87 /* QuestPrototype1.app */,
			);
			name = Products;
			sourceTree = "<group>";
		};
		79D83DF12404EA4100CEAC87 /* QuestPrototype1 */ = {
			isa = PBXGroup;
			children = (
				795C0F942406267C00D26801 /* Core Data */,
				79D83E0F2404EF2900CEAC87 /* Helpers */,
				79D83E062404EA5200CEAC87 /* VCs */,
				79D83DF22404EA4100CEAC87 /* AppDelegate.swift */,
				79D83DF42404EA4100CEAC87 /* SceneDelegate.swift */,
				79D83DF62404EA4100CEAC87 /* ViewController.swift */,
				79D83E162404F34B00CEAC87 /* GoogleService-Info.plist */,
				79D83DF82404EA4100CEAC87 /* Main.storyboard */,
				79D83DFB2404EA4300CEAC87 /* Assets.xcassets */,
				79D83DFD2404EA4300CEAC87 /* LaunchScreen.storyboard */,
				79D83E002404EA4300CEAC87 /* Info.plist */,
			);
			path = QuestPrototype1;
			sourceTree = "<group>";
		};
		79D83E062404EA5200CEAC87 /* VCs */ = {
			isa = PBXGroup;
			children = (
				79D83E072404EA6500CEAC87 /* StartupViewController.swift */,
				79D83E092404EA6C00CEAC87 /* LoginViewController.swift */,
				79D83E0B2404EA7200CEAC87 /* SignupViewController.swift */,
				79DE709B24061B3200519265 /* navigationController.swift */,
				795C0F90240625D100D26801 /* AddCollegeViewController.swift */,
				795C0F91240625D100D26801 /* CollegeTableViewController.swift */,
			);
			path = VCs;
			sourceTree = "<group>";
		};
		79D83E0F2404EF2900CEAC87 /* Helpers */ = {
			isa = PBXGroup;
			children = (
				79D83E102404EF2900CEAC87 /* Constants.swift */,
				79D83E112404EF2900CEAC87 /* Utilities.swift */,
			);
			path = Helpers;
			sourceTree = "<group>";
		};
		7D289F6F610469D4FA37701E /* Frameworks */ = {
			isa = PBXGroup;
			children = (
				C7B987225D77759742284751 /* Pods_QuestPrototype1.framework */,
			);
			name = Frameworks;
			sourceTree = "<group>";
		};
		C8179C67403CF40E9165985C /* Pods */ = {
			isa = PBXGroup;
			children = (
				96C36E7FB557436156EDE001 /* Pods-QuestPrototype1.debug.xcconfig */,
				17F636CAD4A7C16947D68754 /* Pods-QuestPrototype1.release.xcconfig */,
			);
			path = Pods;
			sourceTree = "<group>";
		};
/* End PBXGroup section */

/* Begin PBXNativeTarget section */
		79D83DEE2404EA4100CEAC87 /* QuestPrototype1 */ = {
			isa = PBXNativeTarget;
			buildConfigurationList = 79D83E032404EA4300CEAC87 /* Build configuration list for PBXNativeTarget "QuestPrototype1" */;
			buildPhases = (
				D3CEBB4646F7869F106CC608 /* [CP] Check Pods Manifest.lock */,
				79D83DEB2404EA4100CEAC87 /* Sources */,
				79D83DEC2404EA4100CEAC87 /* Frameworks */,
				79D83DED2404EA4100CEAC87 /* Resources */,
				0D8366BB438DABD991C4D2AC /* [CP] Embed Pods Frameworks */,
			);
			buildRules = (
			);
			dependencies = (
			);
			name = QuestPrototype1;
			productName = QuestPrototype1;
			productReference = 79D83DEF2404EA4100CEAC87 /* QuestPrototype1.app */;
			productType = "com.apple.product-type.application";
		};
/* End PBXNativeTarget section */

/* Begin PBXProject section */
		79D83DE72404EA4100CEAC87 /* Project object */ = {
			isa = PBXProject;
			attributes = {
				LastSwiftUpdateCheck = 1130;
				LastUpgradeCheck = 1130;
				ORGANIZATIONNAME = "Sophia Yin";
				TargetAttributes = {
					79D83DEE2404EA4100CEAC87 = {
						CreatedOnToolsVersion = 11.3.1;
					};
				};
			};
			buildConfigurationList = 79D83DEA2404EA4100CEAC87 /* Build configuration list for PBXProject "QuestPrototype1" */;
			compatibilityVersion = "Xcode 9.3";
			developmentRegion = en;
			hasScannedForEncodings = 0;
			knownRegions = (
				en,
				Base,
			);
			mainGroup = 79D83DE62404EA4100CEAC87;
			productRefGroup = 79D83DF02404EA4100CEAC87 /* Products */;
			projectDirPath = "";
			projectRoot = "";
			targets = (
				79D83DEE2404EA4100CEAC87 /* QuestPrototype1 */,
			);
		};
/* End PBXProject section */

/* Begin PBXResourcesBuildPhase section */
		79D83DED2404EA4100CEAC87 /* Resources */ = {
			isa = PBXResourcesBuildPhase;
			buildActionMask = 2147483647;
			files = (
				79D83DFF2404EA4300CEAC87 /* LaunchScreen.storyboard in Resources */,
				79D83E172404F34B00CEAC87 /* GoogleService-Info.plist in Resources */,
				79D83DFC2404EA4300CEAC87 /* Assets.xcassets in Resources */,
				79D83DFA2404EA4100CEAC87 /* Main.storyboard in Resources */,
			);
			runOnlyForDeploymentPostprocessing = 0;
		};
/* End PBXResourcesBuildPhase section */

/* Begin PBXShellScriptBuildPhase section */
		0D8366BB438DABD991C4D2AC /* [CP] Embed Pods Frameworks */ = {
			isa = PBXShellScriptBuildPhase;
			buildActionMask = 2147483647;
			files = (
			);
			inputFileListPaths = (
				"${PODS_ROOT}/Target Support Files/Pods-QuestPrototype1/Pods-QuestPrototype1-frameworks-${CONFIGURATION}-input-files.xcfilelist",
			);
			name = "[CP] Embed Pods Frameworks";
			outputFileListPaths = (
				"${PODS_ROOT}/Target Support Files/Pods-QuestPrototype1/Pods-QuestPrototype1-frameworks-${CONFIGURATION}-output-files.xcfilelist",
			);
			runOnlyForDeploymentPostprocessing = 0;
			shellPath = /bin/sh;
			shellScript = "\"${PODS_ROOT}/Target Support Files/Pods-QuestPrototype1/Pods-QuestPrototype1-frameworks.sh\"\n";
			showEnvVarsInLog = 0;
		};
		D3CEBB4646F7869F106CC608 /* [CP] Check Pods Manifest.lock */ = {
			isa = PBXShellScriptBuildPhase;
			buildActionMask = 2147483647;
			files = (
			);
			inputFileListPaths = (
			);
			inputPaths = (
				"${PODS_PODFILE_DIR_PATH}/Podfile.lock",
				"${PODS_ROOT}/Manifest.lock",
			);
			name = "[CP] Check Pods Manifest.lock";
			outputFileListPaths = (
			);
			outputPaths = (
				"$(DERIVED_FILE_DIR)/Pods-QuestPrototype1-checkManifestLockResult.txt",
			);
			runOnlyForDeploymentPostprocessing = 0;
			shellPath = /bin/sh;
			shellScript = "diff \"${PODS_PODFILE_DIR_PATH}/Podfile.lock\" \"${PODS_ROOT}/Manifest.lock\" > /dev/null\nif [ $? != 0 ] ; then\n    # print error to STDERR\n    echo \"error: The sandbox is not in sync with the Podfile.lock. Run 'pod install' or update your CocoaPods installation.\" >&2\n    exit 1\nfi\n# This output is used by Xcode 'outputs' to avoid re-running this script phase.\necho \"SUCCESS\" > \"${SCRIPT_OUTPUT_FILE_0}\"\n";
			showEnvVarsInLog = 0;
		};
/* End PBXShellScriptBuildPhase section */

/* Begin PBXSourcesBuildPhase section */
		79D83DEB2404EA4100CEAC87 /* Sources */ = {
			isa = PBXSourcesBuildPhase;
			buildActionMask = 2147483647;
			files = (
				79D83E0C2404EA7200CEAC87 /* SignupViewController.swift in Sources */,
				795C0F93240625D100D26801 /* CollegeTableViewController.swift in Sources */,
				79D83E082404EA6500CEAC87 /* StartupViewController.swift in Sources */,
				795C0F982406267D00D26801 /* CoreDataStack.swift in Sources */,
				79DE709C24061B3200519265 /* navigationController.swift in Sources */,
				79D83DF72404EA4100CEAC87 /* ViewController.swift in Sources */,
				795C0F92240625D100D26801 /* AddCollegeViewController.swift in Sources */,
				79D83DF32404EA4100CEAC87 /* AppDelegate.swift in Sources */,
				79D83E0A2404EA6C00CEAC87 /* LoginViewController.swift in Sources */,
				79D83E132404EF2900CEAC87 /* Utilities.swift in Sources */,
				795C0F992406267D00D26801 /* College.xcdatamodeld in Sources */,
				79D83DF52404EA4100CEAC87 /* SceneDelegate.swift in Sources */,
				79D83E122404EF2900CEAC87 /* Constants.swift in Sources */,
			);
			runOnlyForDeploymentPostprocessing = 0;
		};
/* End PBXSourcesBuildPhase section */

/* Begin PBXVariantGroup section */
		79D83DF82404EA4100CEAC87 /* Main.storyboard */ = {
			isa = PBXVariantGroup;
			children = (
				79D83DF92404EA4100CEAC87 /* Base */,
			);
			name = Main.storyboard;
			sourceTree = "<group>";
		};
		79D83DFD2404EA4300CEAC87 /* LaunchScreen.storyboard */ = {
			isa = PBXVariantGroup;
			children = (
				79D83DFE2404EA4300CEAC87 /* Base */,
			);
			name = LaunchScreen.storyboard;
			sourceTree = "<group>";
		};
/* End PBXVariantGroup section */

/* Begin XCBuildConfiguration section */
		79D83E012404EA4300CEAC87 /* Debug */ = {
			isa = XCBuildConfiguration;
			buildSettings = {
				ALWAYS_SEARCH_USER_PATHS = NO;
				CLANG_ANALYZER_NONNULL = YES;
				CLANG_ANALYZER_NUMBER_OBJECT_CONVERSION = YES_AGGRESSIVE;
				CLANG_CXX_LANGUAGE_STANDARD = "gnu++14";
				CLANG_CXX_LIBRARY = "libc++";
				CLANG_ENABLE_MODULES = YES;
				CLANG_ENABLE_OBJC_ARC = YES;
				CLANG_ENABLE_OBJC_WEAK = YES;
				CLANG_WARN_BLOCK_CAPTURE_AUTORELEASING = YES;
				CLANG_WARN_BOOL_CONVERSION = YES;
				CLANG_WARN_COMMA = YES;
				CLANG_WARN_CONSTANT_CONVERSION = YES;
				CLANG_WARN_DEPRECATED_OBJC_IMPLEMENTATIONS = YES;
				CLANG_WARN_DIRECT_OBJC_ISA_USAGE = YES_ERROR;
				CLANG_WARN_DOCUMENTATION_COMMENTS = YES;
				CLANG_WARN_EMPTY_BODY = YES;
				CLANG_WARN_ENUM_CONVERSION = YES;
				CLANG_WARN_INFINITE_RECURSION = YES;
				CLANG_WARN_INT_CONVERSION = YES;
				CLANG_WARN_NON_LITERAL_NULL_CONVERSION = YES;
				CLANG_WARN_OBJC_IMPLICIT_RETAIN_SELF = YES;
				CLANG_WARN_OBJC_LITERAL_CONVERSION = YES;
				CLANG_WARN_OBJC_ROOT_CLASS = YES_ERROR;
				CLANG_WARN_RANGE_LOOP_ANALYSIS = YES;
				CLANG_WARN_STRICT_PROTOTYPES = YES;
				CLANG_WARN_SUSPICIOUS_MOVE = YES;
				CLANG_WARN_UNGUARDED_AVAILABILITY = YES_AGGRESSIVE;
				CLANG_WARN_UNREACHABLE_CODE = YES;
				CLANG_WARN__DUPLICATE_METHOD_MATCH = YES;
				COPY_PHASE_STRIP = NO;
				DEBUG_INFORMATION_FORMAT = dwarf;
				ENABLE_STRICT_OBJC_MSGSEND = YES;
				ENABLE_TESTABILITY = YES;
				GCC_C_LANGUAGE_STANDARD = gnu11;
				GCC_DYNAMIC_NO_PIC = NO;
				GCC_NO_COMMON_BLOCKS = YES;
				GCC_OPTIMIZATION_LEVEL = 0;
				GCC_PREPROCESSOR_DEFINITIONS = (
					"DEBUG=1",
					"$(inherited)",
				);
				GCC_WARN_64_TO_32_BIT_CONVERSION = YES;
				GCC_WARN_ABOUT_RETURN_TYPE = YES_ERROR;
				GCC_WARN_UNDECLARED_SELECTOR = YES;
				GCC_WARN_UNINITIALIZED_AUTOS = YES_AGGRESSIVE;
				GCC_WARN_UNUSED_FUNCTION = YES;
				GCC_WARN_UNUSED_VARIABLE = YES;
				IPHONEOS_DEPLOYMENT_TARGET = 13.2;
				MTL_ENABLE_DEBUG_INFO = INCLUDE_SOURCE;
				MTL_FAST_MATH = YES;
				ONLY_ACTIVE_ARCH = YES;
				SDKROOT = iphoneos;
				SWIFT_ACTIVE_COMPILATION_CONDITIONS = DEBUG;
				SWIFT_OPTIMIZATION_LEVEL = "-Onone";
			};
			name = Debug;
		};
		79D83E022404EA4300CEAC87 /* Release */ = {
			isa = XCBuildConfiguration;
			buildSettings = {
				ALWAYS_SEARCH_USER_PATHS = NO;
				CLANG_ANALYZER_NONNULL = YES;
				CLANG_ANALYZER_NUMBER_OBJECT_CONVERSION = YES_AGGRESSIVE;
				CLANG_CXX_LANGUAGE_STANDARD = "gnu++14";
				CLANG_CXX_LIBRARY = "libc++";
				CLANG_ENABLE_MODULES = YES;
				CLANG_ENABLE_OBJC_ARC = YES;
				CLANG_ENABLE_OBJC_WEAK = YES;
				CLANG_WARN_BLOCK_CAPTURE_AUTORELEASING = YES;
				CLANG_WARN_BOOL_CONVERSION = YES;
				CLANG_WARN_COMMA = YES;
				CLANG_WARN_CONSTANT_CONVERSION = YES;
				CLANG_WARN_DEPRECATED_OBJC_IMPLEMENTATIONS = YES;
				CLANG_WARN_DIRECT_OBJC_ISA_USAGE = YES_ERROR;
				CLANG_WARN_DOCUMENTATION_COMMENTS = YES;
				CLANG_WARN_EMPTY_BODY = YES;
				CLANG_WARN_ENUM_CONVERSION = YES;
				CLANG_WARN_INFINITE_RECURSION = YES;
				CLANG_WARN_INT_CONVERSION = YES;
				CLANG_WARN_NON_LITERAL_NULL_CONVERSION = YES;
				CLANG_WARN_OBJC_IMPLICIT_RETAIN_SELF = YES;
				CLANG_WARN_OBJC_LITERAL_CONVERSION = YES;
				CLANG_WARN_OBJC_ROOT_CLASS = YES_ERROR;
				CLANG_WARN_RANGE_LOOP_ANALYSIS = YES;
				CLANG_WARN_STRICT_PROTOTYPES = YES;
				CLANG_WARN_SUSPICIOUS_MOVE = YES;
				CLANG_WARN_UNGUARDED_AVAILABILITY = YES_AGGRESSIVE;
				CLANG_WARN_UNREACHABLE_CODE = YES;
				CLANG_WARN__DUPLICATE_METHOD_MATCH = YES;
				COPY_PHASE_STRIP = NO;
				DEBUG_INFORMATION_FORMAT = "dwarf-with-dsym";
				ENABLE_NS_ASSERTIONS = NO;
				ENABLE_STRICT_OBJC_MSGSEND = YES;
				GCC_C_LANGUAGE_STANDARD = gnu11;
				GCC_NO_COMMON_BLOCKS = YES;
				GCC_WARN_64_TO_32_BIT_CONVERSION = YES;
				GCC_WARN_ABOUT_RETURN_TYPE = YES_ERROR;
				GCC_WARN_UNDECLARED_SELECTOR = YES;
				GCC_WARN_UNINITIALIZED_AUTOS = YES_AGGRESSIVE;
				GCC_WARN_UNUSED_FUNCTION = YES;
				GCC_WARN_UNUSED_VARIABLE = YES;
				IPHONEOS_DEPLOYMENT_TARGET = 13.2;
				MTL_ENABLE_DEBUG_INFO = NO;
				MTL_FAST_MATH = YES;
				SDKROOT = iphoneos;
				SWIFT_COMPILATION_MODE = wholemodule;
				SWIFT_OPTIMIZATION_LEVEL = "-O";
				VALIDATE_PRODUCT = YES;
			};
			name = Release;
		};
		79D83E042404EA4300CEAC87 /* Debug */ = {
			isa = XCBuildConfiguration;
			baseConfigurationReference = 96C36E7FB557436156EDE001 /* Pods-QuestPrototype1.debug.xcconfig */;
			buildSettings = {
				ASSETCATALOG_COMPILER_APPICON_NAME = AppIcon;
				CODE_SIGN_STYLE = Automatic;
				INFOPLIST_FILE = QuestPrototype1/Info.plist;
				LD_RUNPATH_SEARCH_PATHS = (
					"$(inherited)",
					"@executable_path/Frameworks",
				);
				PRODUCT_BUNDLE_IDENTIFIER = com.SophiaYin.QuestPrototype1;
				PRODUCT_NAME = "$(TARGET_NAME)";
				SWIFT_VERSION = 5.0;
				TARGETED_DEVICE_FAMILY = "1,2";
			};
			name = Debug;
		};
		79D83E052404EA4300CEAC87 /* Release */ = {
			isa = XCBuildConfiguration;
			baseConfigurationReference = 17F636CAD4A7C16947D68754 /* Pods-QuestPrototype1.release.xcconfig */;
			buildSettings = {
				ASSETCATALOG_COMPILER_APPICON_NAME = AppIcon;
				CODE_SIGN_STYLE = Automatic;
				INFOPLIST_FILE = QuestPrototype1/Info.plist;
				LD_RUNPATH_SEARCH_PATHS = (
					"$(inherited)",
					"@executable_path/Frameworks",
				);
				PRODUCT_BUNDLE_IDENTIFIER = com.SophiaYin.QuestPrototype1;
				PRODUCT_NAME = "$(TARGET_NAME)";
				SWIFT_VERSION = 5.0;
				TARGETED_DEVICE_FAMILY = "1,2";
			};
			name = Release;
		};
/* End XCBuildConfiguration section */

/* Begin XCConfigurationList section */
		79D83DEA2404EA4100CEAC87 /* Build configuration list for PBXProject "QuestPrototype1" */ = {
			isa = XCConfigurationList;
			buildConfigurations = (
				79D83E012404EA4300CEAC87 /* Debug */,
				79D83E022404EA4300CEAC87 /* Release */,
			);
			defaultConfigurationIsVisible = 0;
			defaultConfigurationName = Release;
		};
		79D83E032404EA4300CEAC87 /* Build configuration list for PBXNativeTarget "QuestPrototype1" */ = {
			isa = XCConfigurationList;
			buildConfigurations = (
				79D83E042404EA4300CEAC87 /* Debug */,
				79D83E052404EA4300CEAC87 /* Release */,
			);
			defaultConfigurationIsVisible = 0;
			defaultConfigurationName = Release;
		};
/* End XCConfigurationList section */

/* Begin XCVersionGroup section */
		795C0F962406267C00D26801 /* College.xcdatamodeld */ = {
			isa = XCVersionGroup;
			children = (
				795C0F972406267C00D26801 /* Colleges.xcdatamodel */,
			);
			currentVersion = 795C0F972406267C00D26801 /* Colleges.xcdatamodel */;
			path = College.xcdatamodeld;
			sourceTree = "<group>";
			versionGroupType = wrapper.xcdatamodel;
		};
/* End XCVersionGroup section */
	};
	rootObject = 79D83DE72404EA4100CEAC87 /* Project object */;
}
